{
  "name": "fe_view",
  "version": "1.0.0",
  "lockfileVersion": 3,
  "requires": true,
  "packages": {
    "": {
      "name": "fe_view",
      "version": "1.0.0",
      "license": "ISC",
      "dependencies": {
        "cubehelix": "^1.0.4"
      }
    },
    "node_modules/cubehelix": {
      "version": "1.0.4",
      "resolved": "https://registry.npmmirror.com/cubehelix/-/cubehelix-1.0.4.tgz",
      "integrity": "sha512-KKtmJkF4eW1P7/gRXhGiI2fs9gxW90TkIZ8E0hMdP4PbQ0luZuXHNTyBrAOg7Qzxt0LZa2mK4bOSBFojRLczhg==",
      "license": "ISC"
    }
  }
}
