{
  "name": "fe_view",
  "version": "1.0.0",
  "lockfileVersion": 3,
  "requires": true,
  "packages": {
    "": {
      "name": "fe_view",
      "version": "1.0.0",
      "license": "ISC",
      "dependencies": {
        "cubehelix": "^1.0.4",
        "gl-renderer": "^0.14.0"
      }
    },
    "node_modules/@babel/runtime": {
      "version": "7.25.6",
      "resolved": "https://registry.npmmirror.com/@babel/runtime/-/runtime-7.25.6.tgz",
      "integrity": "sha512-VBj9MYyDb9tuLq7yzqjgzt6Q+IBQLrGZfdjOekyEirZPHxXWoTSGUTMrpsfi58Up73d13NfYLv8HT9vmznjzhQ==",
      "license": "MIT",
      "dependencies": {
        "regenerator-runtime": "^0.14.0"
      },
      "engines": {
        "node": ">=6.9.0"
      }
    },
    "node_modules/cubehelix": {
      "version": "1.0.4",
      "resolved": "https://registry.npmmirror.com/cubehelix/-/cubehelix-1.0.4.tgz",
      "integrity": "sha512-KKtmJkF4eW1P7/gRXhGiI2fs9gxW90TkIZ8E0hMdP4PbQ0luZuXHNTyBrAOg7Qzxt0LZa2mK4bOSBFojRLczhg==",
      "license": "ISC"
    },
    "node_modules/gl-renderer": {
      "version": "0.14.0",
      "resolved": "https://registry.npmmirror.com/gl-renderer/-/gl-renderer-0.14.0.tgz",
      "integrity": "sha512-oZlpsF58f66MRpn1A9SjUOIP1rwrBqXGOyKk9ZIjf5fZs2GDzWpKD3OYwzDoEZBb2uJrQ6MlVY+qxpCzgw7s3Q==",
      "license": "MIT",
      "dependencies": {
        "@babel/runtime": "^7.7.6"
      }
    },
    "node_modules/regenerator-runtime": {
      "version": "0.14.1",
      "resolved": "https://registry.npmmirror.com/regenerator-runtime/-/regenerator-runtime-0.14.1.tgz",
      "integrity": "sha512-dYnhHh0nJoMfnkZs6GmmhFknAGRrLznOu5nc9ML+EJxGvrx6H7teuevqVqCuPcPK//3eDrrjQhehXVx9cnkGdw==",
      "license": "MIT"
    }
  }
}
