{
  "name": "fe_view",
  "version": "1.0.0",
  "lockfileVersion": 3,
  "requires": true,
  "packages": {
    "": {
      "name": "fe_view",
      "version": "1.0.0",
      "license": "ISC",
      "dependencies": {
        "cubehelix": "^1.0.4",
        "gl-renderer": "^0.14.0",
        "ogl": "^1.0.8",
        "spritejs": "^3.8.3"
      }
    },
    "node_modules/@babel/runtime": {
      "version": "7.25.6",
      "resolved": "https://registry.npmmirror.com/@babel/runtime/-/runtime-7.25.6.tgz",
      "integrity": "sha512-VBj9MYyDb9tuLq7yzqjgzt6Q+IBQLrGZfdjOekyEirZPHxXWoTSGUTMrpsfi58Up73d13NfYLv8HT9vmznjzhQ==",
      "license": "MIT",
      "dependencies": {
        "regenerator-runtime": "^0.14.0"
      },
      "engines": {
        "node": ">=6.9.0"
      }
    },
    "node_modules/@mesh.js/core": {
      "version": "1.1.25",
      "resolved": "https://registry.npmmirror.com/@mesh.js/core/-/core-1.1.25.tgz",
      "integrity": "sha512-Jxn0EGEbADruAVSgpLbX9S6j3GVeat7QvElc+zU8boFI4TyR5MhAMDTKM5VnCnWmExJByS5KN1EHs5tvYocFnA==",
      "license": "MIT",
      "dependencies": {
        "@babel/runtime": "^7.4.5",
        "abs-svg-path": "^0.1.1",
        "adaptive-bezier-curve": "^1.0.3",
        "as-number": "^1.0.0",
        "bound-points": "^1.0.0",
        "color-rgba": "^2.1.1",
        "gl-matrix": "^3.1.0",
        "gl-renderer": "^0.13.5",
        "parse-svg-path": "^0.1.2",
        "polyline-miter-util": "^1.0.1",
        "simplify-path": "^1.1.0",
        "tess2": "^1.0.0",
        "xtend": "^4.0.2"
      }
    },
    "node_modules/@mesh.js/core/node_modules/gl-renderer": {
      "version": "0.13.6",
      "resolved": "https://registry.npmmirror.com/gl-renderer/-/gl-renderer-0.13.6.tgz",
      "integrity": "sha512-FaD9JFb6tabjkExpeQnVkT4fNJJMb01yuBvyPGa1N4V/wEVHvwDoEDiKEkqvC+I4fj1GNV0uQoT58jRmK/sHvQ==",
      "license": "MIT",
      "dependencies": {
        "@babel/runtime": "^7.7.6"
      }
    },
    "node_modules/abs-svg-path": {
      "version": "0.1.1",
      "resolved": "https://registry.npmmirror.com/abs-svg-path/-/abs-svg-path-0.1.1.tgz",
      "integrity": "sha512-d8XPSGjfyzlXC3Xx891DJRyZfqk5JU0BJrDQcsWomFIV1/BIzPW5HDH5iDdWpqWaav0YVIEzT1RHTwWr0FFshA==",
      "license": "MIT"
    },
    "node_modules/adaptive-bezier-curve": {
      "version": "1.0.3",
      "resolved": "https://registry.npmmirror.com/adaptive-bezier-curve/-/adaptive-bezier-curve-1.0.3.tgz",
      "integrity": "sha512-mDcwN284LlNAdunqnVmS0PAoDNHKze/PY8zvpCdxzyXD+ZZFeMWQ3FKNBw0VMOd9IfnhIyzAWJDXzRcWnXtoSg==",
      "license": "BSD-3-Clause"
    },
    "node_modules/as-number": {
      "version": "1.0.0",
      "resolved": "https://registry.npmmirror.com/as-number/-/as-number-1.0.0.tgz",
      "integrity": "sha512-HkI/zLo2AbSRO4fqVkmyf3hms0bJDs3iboHqTrNuwTiCRvdYXM7HFhfhB6Dk51anV2LM/IMB83mtK9mHw4FlAg==",
      "license": "MIT"
    },
    "node_modules/babel-runtime": {
      "version": "6.26.0",
      "resolved": "https://registry.npmmirror.com/babel-runtime/-/babel-runtime-6.26.0.tgz",
      "integrity": "sha512-ITKNuq2wKlW1fJg9sSW52eepoYgZBggvOAHC0u/CYu/qxQ9EVzThCgR69BnSXLHjy2f7SY5zaQ4yt7H9ZVxY2g==",
      "license": "MIT",
      "dependencies": {
        "core-js": "^2.4.0",
        "regenerator-runtime": "^0.11.0"
      }
    },
    "node_modules/babel-runtime/node_modules/regenerator-runtime": {
      "version": "0.11.1",
      "resolved": "https://registry.npmmirror.com/regenerator-runtime/-/regenerator-runtime-0.11.1.tgz",
      "integrity": "sha512-MguG95oij0fC3QV3URf4V2SDYGJhJnJGqvIIgdECeODCT98wSWDAJ94SSuVpYQUoTcGUIL6L4yNB7j1DFFHSBg==",
      "license": "MIT"
    },
    "node_modules/bezier-easing": {
      "version": "2.1.0",
      "resolved": "https://registry.npmmirror.com/bezier-easing/-/bezier-easing-2.1.0.tgz",
      "integrity": "sha512-gbIqZ/eslnUFC1tjEvtz0sgx+xTK20wDnYMIA27VA04R7w6xxXQPZDbibjA9DTWZRA2CXtwHykkVzlCaAJAZig==",
      "license": "MIT"
    },
    "node_modules/boolbase": {
      "version": "1.0.0",
      "resolved": "https://registry.npmmirror.com/boolbase/-/boolbase-1.0.0.tgz",
      "integrity": "sha512-JZOSA7Mo9sNGB8+UjSgzdLtokWAky1zbztM3WRLCbZ70/3cTANmQmOdR7y2g+J0e2WXywy1yS468tY+IruqEww==",
      "license": "ISC"
    },
    "node_modules/bound-points": {
      "version": "1.0.0",
      "resolved": "https://registry.npmmirror.com/bound-points/-/bound-points-1.0.0.tgz",
      "integrity": "sha512-D5v3yrtBvia09U2+Js73YMswySOclYHuXNFFzYvsigAdqpY5YG+kY4cSHi7Mww6yU8N8u0T1XkMkRGgeDdWqBA==",
      "license": "MIT"
    },
    "node_modules/color-name": {
      "version": "1.1.4",
      "resolved": "https://registry.npmmirror.com/color-name/-/color-name-1.1.4.tgz",
      "integrity": "sha512-dOy+3AuW3a2wNbZHIuMZpTcgjGuLU/uBL/ubcZF9OXbDo8ff4O8yVp5Bf0efS8uEoYo5q4Fx7dY9OgQGXgAsQA==",
      "license": "MIT"
    },
    "node_modules/color-parse": {
      "version": "1.4.3",
      "resolved": "https://registry.npmmirror.com/color-parse/-/color-parse-1.4.3.tgz",
      "integrity": "sha512-BADfVl/FHkQkyo8sRBwMYBqemqsgnu7JZAwUgvBvuwwuNUZAhSvLTbsEErS5bQXzOjDR0dWzJ4vXN2Q+QoPx0A==",
      "license": "MIT",
      "dependencies": {
        "color-name": "^1.0.0"
      }
    },
    "node_modules/color-rgba": {
      "version": "2.4.0",
      "resolved": "https://registry.npmmirror.com/color-rgba/-/color-rgba-2.4.0.tgz",
      "integrity": "sha512-Nti4qbzr/z2LbUWySr7H9dk3Rl7gZt7ihHAxlgT4Ho90EXWkjtkL1avTleu9yeGuqrt/chxTB6GKK8nZZ6V0+Q==",
      "license": "MIT",
      "dependencies": {
        "color-parse": "^1.4.2",
        "color-space": "^2.0.0"
      }
    },
    "node_modules/color-space": {
      "version": "2.0.1",
      "resolved": "https://registry.npmmirror.com/color-space/-/color-space-2.0.1.tgz",
      "integrity": "sha512-nKqUYlo0vZATVOFHY810BSYjmCARrG7e5R3UE3CQlyjJTvv5kSSmPG1kzm/oDyyqjehM+lW1RnEt9It9GNa5JA==",
      "license": "MIT"
    },
    "node_modules/core-js": {
      "version": "2.6.12",
      "resolved": "https://registry.npmmirror.com/core-js/-/core-js-2.6.12.tgz",
      "integrity": "sha512-Kb2wC0fvsWfQrgk8HU5lW6U/Lcs8+9aaYcy4ZFc6DDlo4nZ7n70dEgE5rtR0oG6ufKDUnrwfWL1mXR5ljDatrQ==",
      "deprecated": "core-js@<3.23.3 is no longer maintained and not recommended for usage due to the number of issues. Because of the V8 engine whims, feature detection in old core-js versions could cause a slowdown up to 100x even if nothing is polyfilled. Some versions have web compatibility issues. Please, upgrade your dependencies to the actual version of core-js.",
      "hasInstallScript": true,
      "license": "MIT"
    },
    "node_modules/css-select": {
      "version": "2.1.0",
      "resolved": "https://registry.npmmirror.com/css-select/-/css-select-2.1.0.tgz",
      "integrity": "sha512-Dqk7LQKpwLoH3VovzZnkzegqNSuAziQyNZUcrdDM401iY+R5NkGBXGmtO05/yaXQziALuPogeG0b7UAgjnTJTQ==",
      "license": "BSD-2-Clause",
      "dependencies": {
        "boolbase": "^1.0.0",
        "css-what": "^3.2.1",
        "domutils": "^1.7.0",
        "nth-check": "^1.0.2"
      }
    },
    "node_modules/css-what": {
      "version": "3.4.2",
      "resolved": "https://registry.npmmirror.com/css-what/-/css-what-3.4.2.tgz",
      "integrity": "sha512-ACUm3L0/jiZTqfzRM3Hi9Q8eZqd6IK37mMWPLz9PJxkLWllYeRf+EHUSHYEtFop2Eqytaq1FizFVh7XfBnXCDQ==",
      "license": "BSD-2-Clause",
      "engines": {
        "node": ">= 6"
      },
      "funding": {
        "url": "https://github.com/sponsors/fb55"
      }
    },
    "node_modules/cubehelix": {
      "version": "1.0.4",
      "resolved": "https://registry.npmmirror.com/cubehelix/-/cubehelix-1.0.4.tgz",
      "integrity": "sha512-KKtmJkF4eW1P7/gRXhGiI2fs9gxW90TkIZ8E0hMdP4PbQ0luZuXHNTyBrAOg7Qzxt0LZa2mK4bOSBFojRLczhg==",
      "license": "ISC"
    },
    "node_modules/dom-serializer": {
      "version": "0.2.2",
      "resolved": "https://registry.npmmirror.com/dom-serializer/-/dom-serializer-0.2.2.tgz",
      "integrity": "sha512-2/xPb3ORsQ42nHYiSunXkDjPLBaEj/xTwUO4B7XCZQTRk7EBtTOPaygh10YAAh2OI1Qrp6NWfpAhzswj0ydt9g==",
      "license": "MIT",
      "dependencies": {
        "domelementtype": "^2.0.1",
        "entities": "^2.0.0"
      }
    },
    "node_modules/dom-serializer/node_modules/domelementtype": {
      "version": "2.3.0",
      "resolved": "https://registry.npmmirror.com/domelementtype/-/domelementtype-2.3.0.tgz",
      "integrity": "sha512-OLETBj6w0OsagBwdXnPdN0cnMfF9opN69co+7ZrbfPGrdpPVNBUj02spi6B1N7wChLQiPn4CSH/zJvXw56gmHw==",
      "funding": [
        {
          "type": "github",
          "url": "https://github.com/sponsors/fb55"
        }
      ],
      "license": "BSD-2-Clause"
    },
    "node_modules/domelementtype": {
      "version": "1.3.1",
      "resolved": "https://registry.npmmirror.com/domelementtype/-/domelementtype-1.3.1.tgz",
      "integrity": "sha512-BSKB+TSpMpFI/HOxCNr1O8aMOTZ8hT3pM3GQ0w/mWRmkhEDSFJkkyzz4XQsBV44BChwGkrDfMyjVD0eA2aFV3w==",
      "license": "BSD-2-Clause"
    },
    "node_modules/domutils": {
      "version": "1.7.0",
      "resolved": "https://registry.npmmirror.com/domutils/-/domutils-1.7.0.tgz",
      "integrity": "sha512-Lgd2XcJ/NjEw+7tFvfKxOzCYKZsdct5lczQ2ZaQY8Djz7pfAD3Gbp8ySJWtreII/vDlMVmxwa6pHmdxIYgttDg==",
      "license": "BSD-2-Clause",
      "dependencies": {
        "dom-serializer": "0",
        "domelementtype": "1"
      }
    },
    "node_modules/entities": {
      "version": "2.2.0",
      "resolved": "https://registry.npmmirror.com/entities/-/entities-2.2.0.tgz",
      "integrity": "sha512-p92if5Nz619I0w+akJrLZH0MX0Pb5DX39XOwQTtXSdQQOaYH03S1uIQp4mhOZtAXrxq4ViO67YTiLBo2638o9A==",
      "license": "BSD-2-Clause",
      "funding": {
        "url": "https://github.com/fb55/entities?sponsor=1"
      }
    },
    "node_modules/gl-matrix": {
      "version": "3.4.3",
      "resolved": "https://registry.npmmirror.com/gl-matrix/-/gl-matrix-3.4.3.tgz",
      "integrity": "sha512-wcCp8vu8FT22BnvKVPjXa/ICBWRq/zjFfdofZy1WSpQZpphblv12/bOQLBC1rMM7SGOFS9ltVmKOHil5+Ml7gA==",
      "license": "MIT"
    },
    "node_modules/gl-renderer": {
      "version": "0.14.0",
      "resolved": "https://registry.npmmirror.com/gl-renderer/-/gl-renderer-0.14.0.tgz",
      "integrity": "sha512-oZlpsF58f66MRpn1A9SjUOIP1rwrBqXGOyKk9ZIjf5fZs2GDzWpKD3OYwzDoEZBb2uJrQ6MlVY+qxpCzgw7s3Q==",
      "license": "MIT",
      "dependencies": {
        "@babel/runtime": "^7.7.6"
      }
    },
    "node_modules/gl-vec2": {
      "version": "1.3.0",
      "resolved": "https://registry.npmmirror.com/gl-vec2/-/gl-vec2-1.3.0.tgz",
      "integrity": "sha512-YiqaAuNsheWmUV0Sa8k94kBB0D6RWjwZztyO+trEYS8KzJ6OQB/4686gdrf59wld4hHFIvaxynO3nRxpk1Ij/A==",
      "license": "zlib"
    },
    "node_modules/nth-check": {
      "version": "1.0.2",
      "resolved": "https://registry.npmmirror.com/nth-check/-/nth-check-1.0.2.tgz",
      "integrity": "sha512-WeBOdju8SnzPN5vTUJYxYUxLeXpCaVP5i5e0LF8fg7WORF2Wd7wFX/pk0tYZk7s8T+J7VLy0Da6J1+wCT0AtHg==",
      "license": "BSD-2-Clause",
      "dependencies": {
        "boolbase": "~1.0.0"
      }
    },
    "node_modules/ogl": {
      "version": "1.0.8",
      "resolved": "https://registry.npmmirror.com/ogl/-/ogl-1.0.8.tgz",
      "integrity": "sha512-3LOqryx4qtWuQQT9QQL8yjGBNdqlonJeOwNY4+TwkrQhENYKegKt9pdWba3LzPSlGUWFTfeUDQoL9tSHMtKq3Q==",
      "license": "Unlicense"
    },
    "node_modules/parse-svg-path": {
      "version": "0.1.2",
      "resolved": "https://registry.npmmirror.com/parse-svg-path/-/parse-svg-path-0.1.2.tgz",
      "integrity": "sha512-JyPSBnkTJ0AI8GGJLfMXvKq42cj5c006fnLz6fXy6zfoVjJizi8BNTpu8on8ziI1cKy9d9DGNuY17Ce7wuejpQ==",
      "license": "MIT"
    },
    "node_modules/pasition": {
      "version": "1.0.3",
      "resolved": "https://registry.npmmirror.com/pasition/-/pasition-1.0.3.tgz",
      "integrity": "sha512-hsUNLhS7e5uWGkTtgbxoHMzCUb0PeboQelyqPmpRkAk26AkKal0Z6JfYWhjIEhZHIYzJTfr6Aom/BpBPrZXHnA==",
      "license": "MIT"
    },
    "node_modules/polyline-miter-util": {
      "version": "1.0.1",
      "resolved": "https://registry.npmmirror.com/polyline-miter-util/-/polyline-miter-util-1.0.1.tgz",
      "integrity": "sha512-/3u91zz6mBerBZo6qnOJOTjv7EfPhKtsV028jMyj86YpzLRNmCCFfrX7IO9tCEQ2W4x45yc+vKOezjf7u2Nd6Q==",
      "license": "MIT",
      "dependencies": {
        "gl-vec2": "^1.0.0"
      }
    },
    "node_modules/regenerator-runtime": {
      "version": "0.14.1",
      "resolved": "https://registry.npmmirror.com/regenerator-runtime/-/regenerator-runtime-0.14.1.tgz",
      "integrity": "sha512-dYnhHh0nJoMfnkZs6GmmhFknAGRrLznOu5nc9ML+EJxGvrx6H7teuevqVqCuPcPK//3eDrrjQhehXVx9cnkGdw==",
      "license": "MIT"
    },
    "node_modules/simplify-path": {
      "version": "1.1.0",
      "resolved": "https://registry.npmmirror.com/simplify-path/-/simplify-path-1.1.0.tgz",
      "integrity": "sha512-qvEyrV36pP6YjRoEAe7ymSqFwurrTQXltcmZaQXFVh8cTWUfHYGeobbMK8V7WHlT9+ysW3GNVkCd6TF8aM0ydw==",
      "license": "MIT"
    },
    "node_modules/sprite-animator": {
      "version": "1.11.5",
      "resolved": "https://registry.npmmirror.com/sprite-animator/-/sprite-animator-1.11.5.tgz",
      "integrity": "sha512-YqYLYYgyvrhXTF4aYyXb0NfdS4uBSKIYKwbBgAKCSsw6sogcgShWoNnV4SgOtI250kIUS/dZH0OZ+lgbCBgAGA==",
      "license": "MIT",
      "dependencies": {
        "babel-runtime": "^6.26.0",
        "bezier-easing": "^2.0.3",
        "sprite-timeline": "^1.10.2"
      }
    },
    "node_modules/sprite-timeline": {
      "version": "1.10.2",
      "resolved": "https://registry.npmmirror.com/sprite-timeline/-/sprite-timeline-1.10.2.tgz",
      "integrity": "sha512-Nu0SNxSy04tyZELMYEjvKVN/2KoluLIXj4qHGrNSLKmQX9sPDegg2EzhnpP50FKQQAEDPHgrYlg3MuQA3cVW1g==",
      "license": "MIT",
      "dependencies": {
        "babel-runtime": "^6.26.0"
      }
    },
    "node_modules/spritejs": {
      "version": "3.8.3",
      "resolved": "https://registry.npmmirror.com/spritejs/-/spritejs-3.8.3.tgz",
      "integrity": "sha512-Ar+BKZlgFBv9sAICzNJH2QV4HCKiq/opwz3DUH5/NtvBzGALsG62BTZNtzssjtQY6QLacC9BPWCdAhrngejYDA==",
      "license": "MIT",
      "dependencies": {
        "@babel/runtime": "^7.4.5",
        "@mesh.js/core": "^1.1.23",
        "color-rgba": "^2.1.1",
        "css-select": "^2.0.2",
        "gl-matrix": "^3.1.0",
        "pasition": "^1.0.2",
        "sprite-animator": "^1.11.5"
      }
    },
    "node_modules/tess2": {
      "version": "1.0.0",
      "resolved": "https://registry.npmmirror.com/tess2/-/tess2-1.0.0.tgz",
      "integrity": "sha512-iSWBSOUoPn3cCT26L5Wi6mvVgL11RV4kReSnVIIPdMN7qNpkL5SLKen5BJcWj+ZTN7kK6JrHBdqTV7vvL8g+9w==",
      "license": "SGI-B-2.0"
    },
    "node_modules/xtend": {
      "version": "4.0.2",
      "resolved": "https://registry.npmmirror.com/xtend/-/xtend-4.0.2.tgz",
      "integrity": "sha512-LKYU1iAXJXUgAXn9URjiu+MWhyUXHsvfp7mcuYm9dSUKK0/CjtrUwFAxD82/mCWbtLsGjFIad0wIsod4zrTAEQ==",
      "license": "MIT",
      "engines": {
        "node": ">=0.4"
      }
    }
  }
}
